// !$*UTF8*$!
{
	archiveVersion = 1;
	classes = {
	};
	objectVersion = 52;
	objects = {

/* Begin PBXBuildFile section */
		F93FE8CC25EAA31300B3DDC2 /* AppDelegate.swift in Sources */ = {isa = PBXBuildFile; fileRef = F93FE8CB25EAA31300B3DDC2 /* AppDelegate.swift */; };
		F93FE8D525EAA31500B3DDC2 /* Images.xcassets in Resources */ = {isa = PBXBuildFile; fileRef = F93FE8D425EAA31500B3DDC2 /* Images.xcassets */; };
		F93FE8D825EAA31500B3DDC2 /* LaunchScreen.storyboard in Resources */ = {isa = PBXBuildFile; fileRef = F93FE8D625EAA31500B3DDC2 /* LaunchScreen.storyboard */; };
		F93FE8E325EAA31500B3DDC2 /* deeperTests.swift in Sources */ = {isa = PBXBuildFile; fileRef = F93FE8E225EAA31500B3DDC2 /* deeperTests.swift */; };
		F93FE8EE25EAA31500B3DDC2 /* deeperUITests.swift in Sources */ = {isa = PBXBuildFile; fileRef = F93FE8ED25EAA31500B3DDC2 /* deeperUITests.swift */; };
		F93FE92825EAA76200B3DDC2 /* Moya in Frameworks */ = {isa = PBXBuildFile; productRef = F93FE92725EAA76200B3DDC2 /* Moya */; };
		F93FE92A25EAA76200B3DDC2 /* RxMoya in Frameworks */ = {isa = PBXBuildFile; productRef = F93FE92925EAA76200B3DDC2 /* RxMoya */; };
		F93FE92C25EAA76200B3DDC2 /* ReactiveMoya in Frameworks */ = {isa = PBXBuildFile; productRef = F93FE92B25EAA76200B3DDC2 /* ReactiveMoya */; };
		F93FE93225EAA87F00B3DDC2 /* RxSwift in Frameworks */ = {isa = PBXBuildFile; productRef = F93FE93125EAA87F00B3DDC2 /* RxSwift */; };
		F93FE93425EAA87F00B3DDC2 /* RxCocoa in Frameworks */ = {isa = PBXBuildFile; productRef = F93FE93325EAA87F00B3DDC2 /* RxCocoa */; };
		F93FE93625EAA87F00B3DDC2 /* RxRelay in Frameworks */ = {isa = PBXBuildFile; productRef = F93FE93525EAA87F00B3DDC2 /* RxRelay */; };
		F93FE93C25EAA8E800B3DDC2 /* ReactorKit in Frameworks */ = {isa = PBXBuildFile; productRef = F93FE93B25EAA8E800B3DDC2 /* ReactorKit */; };
		F951F3B725EAA97000874179 /* Resolver in Frameworks */ = {isa = PBXBuildFile; productRef = F951F3B625EAA97000874179 /* Resolver */; };
		F951F3BD25EAA9AF00874179 /* Then in Frameworks */ = {isa = PBXBuildFile; productRef = F951F3BC25EAA9AF00874179 /* Then */; };
		F951F3C325EAA9F700874179 /* SnapKit in Frameworks */ = {isa = PBXBuildFile; productRef = F951F3C225EAA9F700874179 /* SnapKit */; };
		F951F3C925EAAAA600874179 /* Kingfisher in Frameworks */ = {isa = PBXBuildFile; productRef = F951F3C825EAAAA600874179 /* Kingfisher */; };
		F951F3CF25EAAB3500874179 /* SearchViewController.swift in Sources */ = {isa = PBXBuildFile; fileRef = F951F3CE25EAAB3500874179 /* SearchViewController.swift */; };
		F951F3D425EAAB3C00874179 /* SearchViewReactor.swift in Sources */ = {isa = PBXBuildFile; fileRef = F951F3D325EAAB3C00874179 /* SearchViewReactor.swift */; };
		F951F3DB25EAABCB00874179 /* Log.swift in Sources */ = {isa = PBXBuildFile; fileRef = F951F3DA25EAABCB00874179 /* Log.swift */; };
		F951F3E725EAABF500874179 /* BaseViewController.swift in Sources */ = {isa = PBXBuildFile; fileRef = F951F3E625EAABF500874179 /* BaseViewController.swift */; };
		F951F3EC25EAAD0700874179 /* BaseReactor.swift in Sources */ = {isa = PBXBuildFile; fileRef = F951F3EB25EAAD0700874179 /* BaseReactor.swift */; };
		F951F3FC25EAAE6E00874179 /* NetworkLoggerPlugin.swift in Sources */ = {isa = PBXBuildFile; fileRef = F951F3FB25EAAE6E00874179 /* NetworkLoggerPlugin.swift */; };
		F951F40425EAAEBF00874179 /* NetworkProvider.swift in Sources */ = {isa = PBXBuildFile; fileRef = F951F40325EAAEBF00874179 /* NetworkProvider.swift */; };
		F951F42725EB5D2E00874179 /* DaumSearchAPI.swift in Sources */ = {isa = PBXBuildFile; fileRef = F951F42625EB5D2E00874179 /* DaumSearchAPI.swift */; };
		F951F43225EB5D4100874179 /* DaumSearchService.swift in Sources */ = {isa = PBXBuildFile; fileRef = F951F43125EB5D4100874179 /* DaumSearchService.swift */; };
		F951F43825EB5DB300874179 /* Photos.swift in Sources */ = {isa = PBXBuildFile; fileRef = F951F43725EB5DB300874179 /* Photos.swift */; };
		F951F44525EB645F00874179 /* Photo.swift in Sources */ = {isa = PBXBuildFile; fileRef = F951F44425EB645F00874179 /* Photo.swift */; };
		F951F44D25EB646300874179 /* Meta.swift in Sources */ = {isa = PBXBuildFile; fileRef = F951F44C25EB646300874179 /* Meta.swift */; };
		F968098A25EB84E200FCA34F /* AppDelegate+Injection.swift in Sources */ = {isa = PBXBuildFile; fileRef = F968098925EB84E200FCA34F /* AppDelegate+Injection.swift */; };
		F968099025EB8ABB00FCA34F /* Key.plist in Resources */ = {isa = PBXBuildFile; fileRef = F968098F25EB8ABB00FCA34F /* Key.plist */; };
		F968099525EB9C3100FCA34F /* BaseCollectionView.swift in Sources */ = {isa = PBXBuildFile; fileRef = F968099425EB9C3100FCA34F /* BaseCollectionView.swift */; };
		F968099C25EB9CAD00FCA34F /* UIView+.swift in Sources */ = {isa = PBXBuildFile; fileRef = F968099B25EB9CAD00FCA34F /* UIView+.swift */; };
		F96809A525EB9D0D00FCA34F /* PhotoCell.swift in Sources */ = {isa = PBXBuildFile; fileRef = F96809A425EB9D0D00FCA34F /* PhotoCell.swift */; };
		F96809B125EB9DAD00FCA34F /* Device.swift in Sources */ = {isa = PBXBuildFile; fileRef = F96809B025EB9DAD00FCA34F /* Device.swift */; };
		F96809BD25EBEA6600FCA34F /* DetailViewController.swift in Sources */ = {isa = PBXBuildFile; fileRef = F96809BC25EBEA6600FCA34F /* DetailViewController.swift */; };
		F96809C225EBEA6D00FCA34F /* DetailViewReactor.swift in Sources */ = {isa = PBXBuildFile; fileRef = F96809C125EBEA6D00FCA34F /* DetailViewReactor.swift */; };
/* End PBXBuildFile section */

/* Begin PBXContainerItemProxy section */
		F93FE8DF25EAA31500B3DDC2 /* PBXContainerItemProxy */ = {
			isa = PBXContainerItemProxy;
			containerPortal = F93FE8C025EAA31300B3DDC2 /* Project object */;
			proxyType = 1;
			remoteGlobalIDString = F93FE8C725EAA31300B3DDC2;
			remoteInfo = deeper;
		};
		F93FE8EA25EAA31500B3DDC2 /* PBXContainerItemProxy */ = {
			isa = PBXContainerItemProxy;
			containerPortal = F93FE8C025EAA31300B3DDC2 /* Project object */;
			proxyType = 1;
			remoteGlobalIDString = F93FE8C725EAA31300B3DDC2;
			remoteInfo = deeper;
		};
/* End PBXContainerItemProxy section */

/* Begin PBXFileReference section */
		F93FE8C825EAA31300B3DDC2 /* deeper.app */ = {isa = PBXFileReference; explicitFileType = wrapper.application; includeInIndex = 0; path = deeper.app; sourceTree = BUILT_PRODUCTS_DIR; };
		F93FE8CB25EAA31300B3DDC2 /* AppDelegate.swift */ = {isa = PBXFileReference; lastKnownFileType = sourcecode.swift; path = AppDelegate.swift; sourceTree = "<group>"; };
		F93FE8D425EAA31500B3DDC2 /* Images.xcassets */ = {isa = PBXFileReference; lastKnownFileType = folder.assetcatalog; path = Images.xcassets; sourceTree = "<group>"; };
		F93FE8D725EAA31500B3DDC2 /* Base */ = {isa = PBXFileReference; lastKnownFileType = file.storyboard; name = Base; path = Base.lproj/LaunchScreen.storyboard; sourceTree = "<group>"; };
		F93FE8D925EAA31500B3DDC2 /* Info.plist */ = {isa = PBXFileReference; lastKnownFileType = text.plist.xml; path = Info.plist; sourceTree = "<group>"; };
		F93FE8DE25EAA31500B3DDC2 /* deeperTests.xctest */ = {isa = PBXFileReference; explicitFileType = wrapper.cfbundle; includeInIndex = 0; path = deeperTests.xctest; sourceTree = BUILT_PRODUCTS_DIR; };
		F93FE8E225EAA31500B3DDC2 /* deeperTests.swift */ = {isa = PBXFileReference; lastKnownFileType = sourcecode.swift; path = deeperTests.swift; sourceTree = "<group>"; };
		F93FE8E425EAA31500B3DDC2 /* Info.plist */ = {isa = PBXFileReference; lastKnownFileType = text.plist.xml; path = Info.plist; sourceTree = "<group>"; };
		F93FE8E925EAA31500B3DDC2 /* deeperUITests.xctest */ = {isa = PBXFileReference; explicitFileType = wrapper.cfbundle; includeInIndex = 0; path = deeperUITests.xctest; sourceTree = BUILT_PRODUCTS_DIR; };
		F93FE8ED25EAA31500B3DDC2 /* deeperUITests.swift */ = {isa = PBXFileReference; lastKnownFileType = sourcecode.swift; path = deeperUITests.swift; sourceTree = "<group>"; };
		F93FE8EF25EAA31500B3DDC2 /* Info.plist */ = {isa = PBXFileReference; lastKnownFileType = text.plist.xml; path = Info.plist; sourceTree = "<group>"; };
		F951F3CE25EAAB3500874179 /* SearchViewController.swift */ = {isa = PBXFileReference; lastKnownFileType = sourcecode.swift; path = SearchViewController.swift; sourceTree = "<group>"; };
		F951F3D325EAAB3C00874179 /* SearchViewReactor.swift */ = {isa = PBXFileReference; lastKnownFileType = sourcecode.swift; path = SearchViewReactor.swift; sourceTree = "<group>"; };
		F951F3DA25EAABCB00874179 /* Log.swift */ = {isa = PBXFileReference; lastKnownFileType = sourcecode.swift; path = Log.swift; sourceTree = "<group>"; };
		F951F3E625EAABF500874179 /* BaseViewController.swift */ = {isa = PBXFileReference; lastKnownFileType = sourcecode.swift; path = BaseViewController.swift; sourceTree = "<group>"; };
		F951F3EB25EAAD0700874179 /* BaseReactor.swift */ = {isa = PBXFileReference; lastKnownFileType = sourcecode.swift; path = BaseReactor.swift; sourceTree = "<group>"; };
		F951F3FB25EAAE6E00874179 /* NetworkLoggerPlugin.swift */ = {isa = PBXFileReference; lastKnownFileType = sourcecode.swift; path = NetworkLoggerPlugin.swift; sourceTree = "<group>"; };
		F951F40325EAAEBF00874179 /* NetworkProvider.swift */ = {isa = PBXFileReference; lastKnownFileType = sourcecode.swift; path = NetworkProvider.swift; sourceTree = "<group>"; };
		F951F42625EB5D2E00874179 /* DaumSearchAPI.swift */ = {isa = PBXFileReference; lastKnownFileType = sourcecode.swift; path = DaumSearchAPI.swift; sourceTree = "<group>"; };
		F951F43125EB5D4100874179 /* DaumSearchService.swift */ = {isa = PBXFileReference; lastKnownFileType = sourcecode.swift; path = DaumSearchService.swift; sourceTree = "<group>"; };
		F951F43725EB5DB300874179 /* Photos.swift */ = {isa = PBXFileReference; lastKnownFileType = sourcecode.swift; path = Photos.swift; sourceTree = "<group>"; };
		F951F44425EB645F00874179 /* Photo.swift */ = {isa = PBXFileReference; lastKnownFileType = sourcecode.swift; path = Photo.swift; sourceTree = "<group>"; };
		F951F44C25EB646300874179 /* Meta.swift */ = {isa = PBXFileReference; lastKnownFileType = sourcecode.swift; path = Meta.swift; sourceTree = "<group>"; };
		F968098925EB84E200FCA34F /* AppDelegate+Injection.swift */ = {isa = PBXFileReference; lastKnownFileType = sourcecode.swift; path = "AppDelegate+Injection.swift"; sourceTree = "<group>"; };
		F968098F25EB8ABB00FCA34F /* Key.plist */ = {isa = PBXFileReference; lastKnownFileType = text.plist.xml; path = Key.plist; sourceTree = "<group>"; };
		F968099425EB9C3100FCA34F /* BaseCollectionView.swift */ = {isa = PBXFileReference; lastKnownFileType = sourcecode.swift; path = BaseCollectionView.swift; sourceTree = "<group>"; };
		F968099B25EB9CAD00FCA34F /* UIView+.swift */ = {isa = PBXFileReference; lastKnownFileType = sourcecode.swift; path = "UIView+.swift"; sourceTree = "<group>"; };
		F96809A425EB9D0D00FCA34F /* PhotoCell.swift */ = {isa = PBXFileReference; lastKnownFileType = sourcecode.swift; path = PhotoCell.swift; sourceTree = "<group>"; };
		F96809B025EB9DAD00FCA34F /* Device.swift */ = {isa = PBXFileReference; lastKnownFileType = sourcecode.swift; path = Device.swift; sourceTree = "<group>"; };
		F96809BC25EBEA6600FCA34F /* DetailViewController.swift */ = {isa = PBXFileReference; lastKnownFileType = sourcecode.swift; path = DetailViewController.swift; sourceTree = "<group>"; };
		F96809C125EBEA6D00FCA34F /* DetailViewReactor.swift */ = {isa = PBXFileReference; lastKnownFileType = sourcecode.swift; path = DetailViewReactor.swift; sourceTree = "<group>"; };
/* End PBXFileReference section */

/* Begin PBXFrameworksBuildPhase section */
		F93FE8C525EAA31300B3DDC2 /* Frameworks */ = {
			isa = PBXFrameworksBuildPhase;
			buildActionMask = 2147483647;
			files = (
				F93FE93625EAA87F00B3DDC2 /* RxRelay in Frameworks */,
				F951F3BD25EAA9AF00874179 /* Then in Frameworks */,
				F93FE92A25EAA76200B3DDC2 /* RxMoya in Frameworks */,
				F951F3B725EAA97000874179 /* Resolver in Frameworks */,
				F93FE93C25EAA8E800B3DDC2 /* ReactorKit in Frameworks */,
				F93FE92825EAA76200B3DDC2 /* Moya in Frameworks */,
				F93FE93425EAA87F00B3DDC2 /* RxCocoa in Frameworks */,
				F93FE93225EAA87F00B3DDC2 /* RxSwift in Frameworks */,
				F951F3C925EAAAA600874179 /* Kingfisher in Frameworks */,
				F93FE92C25EAA76200B3DDC2 /* ReactiveMoya in Frameworks */,
				F951F3C325EAA9F700874179 /* SnapKit in Frameworks */,
			);
			runOnlyForDeploymentPostprocessing = 0;
		};
		F93FE8DB25EAA31500B3DDC2 /* Frameworks */ = {
			isa = PBXFrameworksBuildPhase;
			buildActionMask = 2147483647;
			files = (
			);
			runOnlyForDeploymentPostprocessing = 0;
		};
		F93FE8E625EAA31500B3DDC2 /* Frameworks */ = {
			isa = PBXFrameworksBuildPhase;
			buildActionMask = 2147483647;
			files = (
			);
			runOnlyForDeploymentPostprocessing = 0;
		};
/* End PBXFrameworksBuildPhase section */

/* Begin PBXGroup section */
		F93FE8BF25EAA31300B3DDC2 = {
			isa = PBXGroup;
			children = (
				F93FE8CA25EAA31300B3DDC2 /* deeper */,
				F93FE8E125EAA31500B3DDC2 /* deeperTests */,
				F93FE8EC25EAA31500B3DDC2 /* deeperUITests */,
				F93FE8C925EAA31300B3DDC2 /* Products */,
			);
			sourceTree = "<group>";
		};
		F93FE8C925EAA31300B3DDC2 /* Products */ = {
			isa = PBXGroup;
			children = (
				F93FE8C825EAA31300B3DDC2 /* deeper.app */,
				F93FE8DE25EAA31500B3DDC2 /* deeperTests.xctest */,
				F93FE8E925EAA31500B3DDC2 /* deeperUITests.xctest */,
			);
			name = Products;
			sourceTree = "<group>";
		};
		F93FE8CA25EAA31300B3DDC2 /* deeper */ = {
			isa = PBXGroup;
			children = (
				F93FE8FE25EAA40800B3DDC2 /* Sources */,
				F93FE8FF25EAA40F00B3DDC2 /* Resources */,
				F93FE90025EAA41500B3DDC2 /* Supportings */,
			);
			path = deeper;
			sourceTree = "<group>";
		};
		F93FE8E125EAA31500B3DDC2 /* deeperTests */ = {
			isa = PBXGroup;
			children = (
				F93FE8E225EAA31500B3DDC2 /* deeperTests.swift */,
				F93FE8E425EAA31500B3DDC2 /* Info.plist */,
			);
			path = deeperTests;
			sourceTree = "<group>";
		};
		F93FE8EC25EAA31500B3DDC2 /* deeperUITests */ = {
			isa = PBXGroup;
			children = (
				F93FE8ED25EAA31500B3DDC2 /* deeperUITests.swift */,
				F93FE8EF25EAA31500B3DDC2 /* Info.plist */,
			);
			path = deeperUITests;
			sourceTree = "<group>";
		};
		F93FE8FE25EAA40800B3DDC2 /* Sources */ = {
			isa = PBXGroup;
			children = (
				F93FE90125EAA41E00B3DDC2 /* Application */,
				F951F44325EB645500874179 /* Use Cases */,
				F951F43625EB5DA300874179 /* Models */,
				F93FE90225EAA42800B3DDC2 /* Scenes */,
				F951F3F925EAAE3800874179 /* Services */,
				F951F3D825EAABB700874179 /* Commons */,
			);
			path = Sources;
			sourceTree = "<group>";
		};
		F93FE8FF25EAA40F00B3DDC2 /* Resources */ = {
			isa = PBXGroup;
			children = (
				F93FE90F25EAA49400B3DDC2 /* Storyboards */,
				F93FE90525EAA46600B3DDC2 /* Assets */,
			);
			path = Resources;
			sourceTree = "<group>";
		};
		F93FE90025EAA41500B3DDC2 /* Supportings */ = {
			isa = PBXGroup;
			children = (
				F93FE90325EAA44A00B3DDC2 /* plists */,
			);
			path = Supportings;
			sourceTree = "<group>";
		};
		F93FE90125EAA41E00B3DDC2 /* Application */ = {
			isa = PBXGroup;
			children = (
				F93FE8CB25EAA31300B3DDC2 /* AppDelegate.swift */,
				F968098925EB84E200FCA34F /* AppDelegate+Injection.swift */,
			);
			path = Application;
			sourceTree = "<group>";
		};
		F93FE90225EAA42800B3DDC2 /* Scenes */ = {
			isa = PBXGroup;
			children = (
				F951F3CD25EAAB2300874179 /* Search */,
				F96809BB25EBEA5400FCA34F /* Detail */,
			);
			path = Scenes;
			sourceTree = "<group>";
		};
		F93FE90325EAA44A00B3DDC2 /* plists */ = {
			isa = PBXGroup;
			children = (
				F93FE8D925EAA31500B3DDC2 /* Info.plist */,
				F968098F25EB8ABB00FCA34F /* Key.plist */,
			);
			path = plists;
			sourceTree = "<group>";
		};
		F93FE90525EAA46600B3DDC2 /* Assets */ = {
			isa = PBXGroup;
			children = (
				F93FE8D425EAA31500B3DDC2 /* Images.xcassets */,
			);
			path = Assets;
			sourceTree = "<group>";
		};
		F93FE90F25EAA49400B3DDC2 /* Storyboards */ = {
			isa = PBXGroup;
			children = (
				F93FE8D625EAA31500B3DDC2 /* LaunchScreen.storyboard */,
			);
			path = Storyboards;
			sourceTree = "<group>";
		};
		F951F3CD25EAAB2300874179 /* Search */ = {
			isa = PBXGroup;
			children = (
				F951F3CE25EAAB3500874179 /* SearchViewController.swift */,
				F951F3D325EAAB3C00874179 /* SearchViewReactor.swift */,
				F96809A325EB9D0600FCA34F /* Views */,
			);
			path = Search;
			sourceTree = "<group>";
		};
		F951F3D825EAABB700874179 /* Commons */ = {
			isa = PBXGroup;
			children = (
				F96809AF25EB9DA800FCA34F /* Constants */,
				F968099925EB9CA100FCA34F /* Extensions */,
				F951F3E225EAABDF00874179 /* Bases */,
				F951F3D925EAABC200874179 /* Utilities */,
			);
			path = Commons;
			sourceTree = "<group>";
		};
		F951F3D925EAABC200874179 /* Utilities */ = {
			isa = PBXGroup;
			children = (
				F951F42525EB5C6A00874179 /* Networking */,
				F951F42125EB5C6400874179 /* Logging */,
			);
			path = Utilities;
			sourceTree = "<group>";
		};
		F951F3E225EAABDF00874179 /* Bases */ = {
			isa = PBXGroup;
			children = (
				F951F3E625EAABF500874179 /* BaseViewController.swift */,
				F951F3EB25EAAD0700874179 /* BaseReactor.swift */,
				F968099425EB9C3100FCA34F /* BaseCollectionView.swift */,
			);
			path = Bases;
			sourceTree = "<group>";
		};
		F951F3F925EAAE3800874179 /* Services */ = {
			isa = PBXGroup;
			children = (
				F951F3FA25EAAE4B00874179 /* Daum Search */,
			);
			path = Services;
			sourceTree = "<group>";
		};
		F951F3FA25EAAE4B00874179 /* Daum Search */ = {
			isa = PBXGroup;
			children = (
				F951F42625EB5D2E00874179 /* DaumSearchAPI.swift */,
				F951F43125EB5D4100874179 /* DaumSearchService.swift */,
			);
			path = "Daum Search";
			sourceTree = "<group>";
		};
		F951F42125EB5C6400874179 /* Logging */ = {
			isa = PBXGroup;
			children = (
				F951F3DA25EAABCB00874179 /* Log.swift */,
			);
			path = Logging;
			sourceTree = "<group>";
		};
		F951F42525EB5C6A00874179 /* Networking */ = {
			isa = PBXGroup;
			children = (
				F951F3FB25EAAE6E00874179 /* NetworkLoggerPlugin.swift */,
				F951F40325EAAEBF00874179 /* NetworkProvider.swift */,
			);
			path = Networking;
			sourceTree = "<group>";
		};
		F951F43625EB5DA300874179 /* Models */ = {
			isa = PBXGroup;
			children = (
				F951F43725EB5DB300874179 /* Photos.swift */,
			);
			path = Models;
			sourceTree = "<group>";
		};
		F951F44325EB645500874179 /* Use Cases */ = {
			isa = PBXGroup;
			children = (
				F951F44425EB645F00874179 /* Photo.swift */,
				F951F44C25EB646300874179 /* Meta.swift */,
			);
			path = "Use Cases";
			sourceTree = "<group>";
		};
		F968099925EB9CA100FCA34F /* Extensions */ = {
			isa = PBXGroup;
			children = (
				F968099A25EB9CA700FCA34F /* UIKit */,
			);
			path = Extensions;
			sourceTree = "<group>";
		};
		F968099A25EB9CA700FCA34F /* UIKit */ = {
			isa = PBXGroup;
			children = (
				F968099B25EB9CAD00FCA34F /* UIView+.swift */,
			);
			path = UIKit;
			sourceTree = "<group>";
		};
		F96809A325EB9D0600FCA34F /* Views */ = {
			isa = PBXGroup;
			children = (
				F96809A425EB9D0D00FCA34F /* PhotoCell.swift */,
			);
			path = Views;
			sourceTree = "<group>";
		};
		F96809AF25EB9DA800FCA34F /* Constants */ = {
			isa = PBXGroup;
			children = (
				F96809B025EB9DAD00FCA34F /* Device.swift */,
			);
			path = Constants;
			sourceTree = "<group>";
		};
		F96809BB25EBEA5400FCA34F /* Detail */ = {
			isa = PBXGroup;
			children = (
				F96809BC25EBEA6600FCA34F /* DetailViewController.swift */,
				F96809C125EBEA6D00FCA34F /* DetailViewReactor.swift */,
			);
			path = Detail;
			sourceTree = "<group>";
		};
/* End PBXGroup section */

/* Begin PBXNativeTarget section */
		F93FE8C725EAA31300B3DDC2 /* deeper */ = {
			isa = PBXNativeTarget;
			buildConfigurationList = F93FE8F225EAA31500B3DDC2 /* Build configuration list for PBXNativeTarget "deeper" */;
			buildPhases = (
				F93FE8C425EAA31300B3DDC2 /* Sources */,
				F93FE8C525EAA31300B3DDC2 /* Frameworks */,
				F93FE8C625EAA31300B3DDC2 /* Resources */,
			);
			buildRules = (
			);
			dependencies = (
			);
			name = deeper;
			packageProductDependencies = (
				F93FE92725EAA76200B3DDC2 /* Moya */,
				F93FE92925EAA76200B3DDC2 /* RxMoya */,
				F93FE92B25EAA76200B3DDC2 /* ReactiveMoya */,
				F93FE93125EAA87F00B3DDC2 /* RxSwift */,
				F93FE93325EAA87F00B3DDC2 /* RxCocoa */,
				F93FE93525EAA87F00B3DDC2 /* RxRelay */,
				F93FE93B25EAA8E800B3DDC2 /* ReactorKit */,
				F951F3B625EAA97000874179 /* Resolver */,
				F951F3BC25EAA9AF00874179 /* Then */,
				F951F3C225EAA9F700874179 /* SnapKit */,
				F951F3C825EAAAA600874179 /* Kingfisher */,
			);
			productName = deeper;
			productReference = F93FE8C825EAA31300B3DDC2 /* deeper.app */;
			productType = "com.apple.product-type.application";
		};
		F93FE8DD25EAA31500B3DDC2 /* deeperTests */ = {
			isa = PBXNativeTarget;
			buildConfigurationList = F93FE8F525EAA31500B3DDC2 /* Build configuration list for PBXNativeTarget "deeperTests" */;
			buildPhases = (
				F93FE8DA25EAA31500B3DDC2 /* Sources */,
				F93FE8DB25EAA31500B3DDC2 /* Frameworks */,
				F93FE8DC25EAA31500B3DDC2 /* Resources */,
			);
			buildRules = (
			);
			dependencies = (
				F93FE8E025EAA31500B3DDC2 /* PBXTargetDependency */,
			);
			name = deeperTests;
			productName = deeperTests;
			productReference = F93FE8DE25EAA31500B3DDC2 /* deeperTests.xctest */;
			productType = "com.apple.product-type.bundle.unit-test";
		};
		F93FE8E825EAA31500B3DDC2 /* deeperUITests */ = {
			isa = PBXNativeTarget;
			buildConfigurationList = F93FE8F825EAA31500B3DDC2 /* Build configuration list for PBXNativeTarget "deeperUITests" */;
			buildPhases = (
				F93FE8E525EAA31500B3DDC2 /* Sources */,
				F93FE8E625EAA31500B3DDC2 /* Frameworks */,
				F93FE8E725EAA31500B3DDC2 /* Resources */,
			);
			buildRules = (
			);
			dependencies = (
				F93FE8EB25EAA31500B3DDC2 /* PBXTargetDependency */,
			);
			name = deeperUITests;
			productName = deeperUITests;
			productReference = F93FE8E925EAA31500B3DDC2 /* deeperUITests.xctest */;
			productType = "com.apple.product-type.bundle.ui-testing";
		};
/* End PBXNativeTarget section */

/* Begin PBXProject section */
		F93FE8C025EAA31300B3DDC2 /* Project object */ = {
			isa = PBXProject;
			attributes = {
				LastSwiftUpdateCheck = 1240;
				LastUpgradeCheck = 1240;
				TargetAttributes = {
					F93FE8C725EAA31300B3DDC2 = {
						CreatedOnToolsVersion = 12.4;
					};
					F93FE8DD25EAA31500B3DDC2 = {
						CreatedOnToolsVersion = 12.4;
						TestTargetID = F93FE8C725EAA31300B3DDC2;
					};
					F93FE8E825EAA31500B3DDC2 = {
						CreatedOnToolsVersion = 12.4;
						TestTargetID = F93FE8C725EAA31300B3DDC2;
					};
				};
			};
			buildConfigurationList = F93FE8C325EAA31300B3DDC2 /* Build configuration list for PBXProject "deeper" */;
			compatibilityVersion = "Xcode 9.3";
			developmentRegion = en;
			hasScannedForEncodings = 0;
			knownRegions = (
				en,
				Base,
			);
			mainGroup = F93FE8BF25EAA31300B3DDC2;
			packageReferences = (
				F93FE92625EAA76200B3DDC2 /* XCRemoteSwiftPackageReference "Moya" */,
				F93FE93025EAA87F00B3DDC2 /* XCRemoteSwiftPackageReference "RxSwift" */,
				F93FE93A25EAA8E800B3DDC2 /* XCRemoteSwiftPackageReference "ReactorKit" */,
				F951F3B525EAA97000874179 /* XCRemoteSwiftPackageReference "Resolver" */,
				F951F3BB25EAA9AF00874179 /* XCRemoteSwiftPackageReference "Then" */,
				F951F3C125EAA9F700874179 /* XCRemoteSwiftPackageReference "SnapKit" */,
				F951F3C725EAAAA600874179 /* XCRemoteSwiftPackageReference "Kingfisher" */,
			);
			productRefGroup = F93FE8C925EAA31300B3DDC2 /* Products */;
			projectDirPath = "";
			projectRoot = "";
			targets = (
				F93FE8C725EAA31300B3DDC2 /* deeper */,
				F93FE8DD25EAA31500B3DDC2 /* deeperTests */,
				F93FE8E825EAA31500B3DDC2 /* deeperUITests */,
			);
		};
/* End PBXProject section */

/* Begin PBXResourcesBuildPhase section */
		F93FE8C625EAA31300B3DDC2 /* Resources */ = {
			isa = PBXResourcesBuildPhase;
			buildActionMask = 2147483647;
			files = (
				F93FE8D825EAA31500B3DDC2 /* LaunchScreen.storyboard in Resources */,
				F93FE8D525EAA31500B3DDC2 /* Images.xcassets in Resources */,
				F968099025EB8ABB00FCA34F /* Key.plist in Resources */,
			);
			runOnlyForDeploymentPostprocessing = 0;
		};
		F93FE8DC25EAA31500B3DDC2 /* Resources */ = {
			isa = PBXResourcesBuildPhase;
			buildActionMask = 2147483647;
			files = (
			);
			runOnlyForDeploymentPostprocessing = 0;
		};
		F93FE8E725EAA31500B3DDC2 /* Resources */ = {
			isa = PBXResourcesBuildPhase;
			buildActionMask = 2147483647;
			files = (
			);
			runOnlyForDeploymentPostprocessing = 0;
		};
/* End PBXResourcesBuildPhase section */

/* Begin PBXSourcesBuildPhase section */
		F93FE8C425EAA31300B3DDC2 /* Sources */ = {
			isa = PBXSourcesBuildPhase;
			buildActionMask = 2147483647;
			files = (
				F951F44525EB645F00874179 /* Photo.swift in Sources */,
				F951F3E725EAABF500874179 /* BaseViewController.swift in Sources */,
				F951F3EC25EAAD0700874179 /* BaseReactor.swift in Sources */,
				F96809B125EB9DAD00FCA34F /* Device.swift in Sources */,
				F951F3CF25EAAB3500874179 /* SearchViewController.swift in Sources */,
				F93FE8CC25EAA31300B3DDC2 /* AppDelegate.swift in Sources */,
				F951F43225EB5D4100874179 /* DaumSearchService.swift in Sources */,
				F951F43825EB5DB300874179 /* Photos.swift in Sources */,
				F951F3DB25EAABCB00874179 /* Log.swift in Sources */,
				F951F40425EAAEBF00874179 /* NetworkProvider.swift in Sources */,
				F96809BD25EBEA6600FCA34F /* DetailViewController.swift in Sources */,
				F951F3D425EAAB3C00874179 /* SearchViewReactor.swift in Sources */,
				F968098A25EB84E200FCA34F /* AppDelegate+Injection.swift in Sources */,
				F951F44D25EB646300874179 /* Meta.swift in Sources */,
				F968099C25EB9CAD00FCA34F /* UIView+.swift in Sources */,
				F951F3FC25EAAE6E00874179 /* NetworkLoggerPlugin.swift in Sources */,
				F96809C225EBEA6D00FCA34F /* DetailViewReactor.swift in Sources */,
				F951F42725EB5D2E00874179 /* DaumSearchAPI.swift in Sources */,
				F96809A525EB9D0D00FCA34F /* PhotoCell.swift in Sources */,
				F968099525EB9C3100FCA34F /* BaseCollectionView.swift in Sources */,
			);
			runOnlyForDeploymentPostprocessing = 0;
		};
		F93FE8DA25EAA31500B3DDC2 /* Sources */ = {
			isa = PBXSourcesBuildPhase;
			buildActionMask = 2147483647;
			files = (
				F93FE8E325EAA31500B3DDC2 /* deeperTests.swift in Sources */,
			);
			runOnlyForDeploymentPostprocessing = 0;
		};
		F93FE8E525EAA31500B3DDC2 /* Sources */ = {
			isa = PBXSourcesBuildPhase;
			buildActionMask = 2147483647;
			files = (
				F93FE8EE25EAA31500B3DDC2 /* deeperUITests.swift in Sources */,
			);
			runOnlyForDeploymentPostprocessing = 0;
		};
/* End PBXSourcesBuildPhase section */

/* Begin PBXTargetDependency section */
		F93FE8E025EAA31500B3DDC2 /* PBXTargetDependency */ = {
			isa = PBXTargetDependency;
			target = F93FE8C725EAA31300B3DDC2 /* deeper */;
			targetProxy = F93FE8DF25EAA31500B3DDC2 /* PBXContainerItemProxy */;
		};
		F93FE8EB25EAA31500B3DDC2 /* PBXTargetDependency */ = {
			isa = PBXTargetDependency;
			target = F93FE8C725EAA31300B3DDC2 /* deeper */;
			targetProxy = F93FE8EA25EAA31500B3DDC2 /* PBXContainerItemProxy */;
		};
/* End PBXTargetDependency section */

/* Begin PBXVariantGroup section */
		F93FE8D625EAA31500B3DDC2 /* LaunchScreen.storyboard */ = {
			isa = PBXVariantGroup;
			children = (
				F93FE8D725EAA31500B3DDC2 /* Base */,
			);
			name = LaunchScreen.storyboard;
			sourceTree = "<group>";
		};
/* End PBXVariantGroup section */

/* Begin XCBuildConfiguration section */
		F93FE8F025EAA31500B3DDC2 /* Debug */ = {
			isa = XCBuildConfiguration;
			buildSettings = {
				ALWAYS_SEARCH_USER_PATHS = NO;
				CLANG_ANALYZER_NONNULL = YES;
				CLANG_ANALYZER_NUMBER_OBJECT_CONVERSION = YES_AGGRESSIVE;
				CLANG_CXX_LANGUAGE_STANDARD = "gnu++14";
				CLANG_CXX_LIBRARY = "libc++";
				CLANG_ENABLE_MODULES = YES;
				CLANG_ENABLE_OBJC_ARC = YES;
				CLANG_ENABLE_OBJC_WEAK = YES;
				CLANG_WARN_BLOCK_CAPTURE_AUTORELEASING = YES;
				CLANG_WARN_BOOL_CONVERSION = YES;
				CLANG_WARN_COMMA = YES;
				CLANG_WARN_CONSTANT_CONVERSION = YES;
				CLANG_WARN_DEPRECATED_OBJC_IMPLEMENTATIONS = YES;
				CLANG_WARN_DIRECT_OBJC_ISA_USAGE = YES_ERROR;
				CLANG_WARN_DOCUMENTATION_COMMENTS = YES;
				CLANG_WARN_EMPTY_BODY = YES;
				CLANG_WARN_ENUM_CONVERSION = YES;
				CLANG_WARN_INFINITE_RECURSION = YES;
				CLANG_WARN_INT_CONVERSION = YES;
				CLANG_WARN_NON_LITERAL_NULL_CONVERSION = YES;
				CLANG_WARN_OBJC_IMPLICIT_RETAIN_SELF = YES;
				CLANG_WARN_OBJC_LITERAL_CONVERSION = YES;
				CLANG_WARN_OBJC_ROOT_CLASS = YES_ERROR;
				CLANG_WARN_QUOTED_INCLUDE_IN_FRAMEWORK_HEADER = YES;
				CLANG_WARN_RANGE_LOOP_ANALYSIS = YES;
				CLANG_WARN_STRICT_PROTOTYPES = YES;
				CLANG_WARN_SUSPICIOUS_MOVE = YES;
				CLANG_WARN_UNGUARDED_AVAILABILITY = YES_AGGRESSIVE;
				CLANG_WARN_UNREACHABLE_CODE = YES;
				CLANG_WARN__DUPLICATE_METHOD_MATCH = YES;
				COPY_PHASE_STRIP = NO;
				DEBUG_INFORMATION_FORMAT = dwarf;
				ENABLE_STRICT_OBJC_MSGSEND = YES;
				ENABLE_TESTABILITY = YES;
				GCC_C_LANGUAGE_STANDARD = gnu11;
				GCC_DYNAMIC_NO_PIC = NO;
				GCC_NO_COMMON_BLOCKS = YES;
				GCC_OPTIMIZATION_LEVEL = 0;
				GCC_PREPROCESSOR_DEFINITIONS = (
					"DEBUG=1",
					"$(inherited)",
				);
				GCC_WARN_64_TO_32_BIT_CONVERSION = YES;
				GCC_WARN_ABOUT_RETURN_TYPE = YES_ERROR;
				GCC_WARN_UNDECLARED_SELECTOR = YES;
				GCC_WARN_UNINITIALIZED_AUTOS = YES_AGGRESSIVE;
				GCC_WARN_UNUSED_FUNCTION = YES;
				GCC_WARN_UNUSED_VARIABLE = YES;
				IPHONEOS_DEPLOYMENT_TARGET = 14.4;
				MTL_ENABLE_DEBUG_INFO = INCLUDE_SOURCE;
				MTL_FAST_MATH = YES;
				ONLY_ACTIVE_ARCH = YES;
				SDKROOT = iphoneos;
				SWIFT_ACTIVE_COMPILATION_CONDITIONS = DEBUG;
				SWIFT_OPTIMIZATION_LEVEL = "-Onone";
			};
			name = Debug;
		};
		F93FE8F125EAA31500B3DDC2 /* Release */ = {
			isa = XCBuildConfiguration;
			buildSettings = {
				ALWAYS_SEARCH_USER_PATHS = NO;
				CLANG_ANALYZER_NONNULL = YES;
				CLANG_ANALYZER_NUMBER_OBJECT_CONVERSION = YES_AGGRESSIVE;
				CLANG_CXX_LANGUAGE_STANDARD = "gnu++14";
				CLANG_CXX_LIBRARY = "libc++";
				CLANG_ENABLE_MODULES = YES;
				CLANG_ENABLE_OBJC_ARC = YES;
				CLANG_ENABLE_OBJC_WEAK = YES;
				CLANG_WARN_BLOCK_CAPTURE_AUTORELEASING = YES;
				CLANG_WARN_BOOL_CONVERSION = YES;
				CLANG_WARN_COMMA = YES;
				CLANG_WARN_CONSTANT_CONVERSION = YES;
				CLANG_WARN_DEPRECATED_OBJC_IMPLEMENTATIONS = YES;
				CLANG_WARN_DIRECT_OBJC_ISA_USAGE = YES_ERROR;
				CLANG_WARN_DOCUMENTATION_COMMENTS = YES;
				CLANG_WARN_EMPTY_BODY = YES;
				CLANG_WARN_ENUM_CONVERSION = YES;
				CLANG_WARN_INFINITE_RECURSION = YES;
				CLANG_WARN_INT_CONVERSION = YES;
				CLANG_WARN_NON_LITERAL_NULL_CONVERSION = YES;
				CLANG_WARN_OBJC_IMPLICIT_RETAIN_SELF = YES;
				CLANG_WARN_OBJC_LITERAL_CONVERSION = YES;
				CLANG_WARN_OBJC_ROOT_CLASS = YES_ERROR;
				CLANG_WARN_QUOTED_INCLUDE_IN_FRAMEWORK_HEADER = YES;
				CLANG_WARN_RANGE_LOOP_ANALYSIS = YES;
				CLANG_WARN_STRICT_PROTOTYPES = YES;
				CLANG_WARN_SUSPICIOUS_MOVE = YES;
				CLANG_WARN_UNGUARDED_AVAILABILITY = YES_AGGRESSIVE;
				CLANG_WARN_UNREACHABLE_CODE = YES;
				CLANG_WARN__DUPLICATE_METHOD_MATCH = YES;
				COPY_PHASE_STRIP = NO;
				DEBUG_INFORMATION_FORMAT = "dwarf-with-dsym";
				ENABLE_NS_ASSERTIONS = NO;
				ENABLE_STRICT_OBJC_MSGSEND = YES;
				GCC_C_LANGUAGE_STANDARD = gnu11;
				GCC_NO_COMMON_BLOCKS = YES;
				GCC_WARN_64_TO_32_BIT_CONVERSION = YES;
				GCC_WARN_ABOUT_RETURN_TYPE = YES_ERROR;
				GCC_WARN_UNDECLARED_SELECTOR = YES;
				GCC_WARN_UNINITIALIZED_AUTOS = YES_AGGRESSIVE;
				GCC_WARN_UNUSED_FUNCTION = YES;
				GCC_WARN_UNUSED_VARIABLE = YES;
				IPHONEOS_DEPLOYMENT_TARGET = 14.4;
				MTL_ENABLE_DEBUG_INFO = NO;
				MTL_FAST_MATH = YES;
				SDKROOT = iphoneos;
				SWIFT_COMPILATION_MODE = wholemodule;
				SWIFT_OPTIMIZATION_LEVEL = "-O";
				VALIDATE_PRODUCT = YES;
			};
			name = Release;
		};
		F93FE8F325EAA31500B3DDC2 /* Debug */ = {
			isa = XCBuildConfiguration;
			buildSettings = {
				ASSETCATALOG_COMPILER_APPICON_NAME = AppIcon;
				ASSETCATALOG_COMPILER_GLOBAL_ACCENT_COLOR_NAME = AccentColor;
				CODE_SIGN_STYLE = Automatic;
				DEVELOPMENT_TEAM = 4YL8LS5ZJC;
				INFOPLIST_FILE = deeper/Supportings/plists/Info.plist;
				LD_RUNPATH_SEARCH_PATHS = (
					"$(inherited)",
					"@executable_path/Frameworks",
				);
				PRODUCT_BUNDLE_IDENTIFIER = com.kihyunso.deeper;
				PRODUCT_NAME = "$(TARGET_NAME)";
				SWIFT_VERSION = 5.0;
				TARGETED_DEVICE_FAMILY = "1,2";
			};
			name = Debug;
		};
		F93FE8F425EAA31500B3DDC2 /* Release */ = {
			isa = XCBuildConfiguration;
			buildSettings = {
				ASSETCATALOG_COMPILER_APPICON_NAME = AppIcon;
				ASSETCATALOG_COMPILER_GLOBAL_ACCENT_COLOR_NAME = AccentColor;
				CODE_SIGN_STYLE = Automatic;
				DEVELOPMENT_TEAM = 4YL8LS5ZJC;
				INFOPLIST_FILE = deeper/Supportings/plists/Info.plist;
				LD_RUNPATH_SEARCH_PATHS = (
					"$(inherited)",
					"@executable_path/Frameworks",
				);
				PRODUCT_BUNDLE_IDENTIFIER = com.kihyunso.deeper;
				PRODUCT_NAME = "$(TARGET_NAME)";
				SWIFT_VERSION = 5.0;
				TARGETED_DEVICE_FAMILY = "1,2";
			};
			name = Release;
		};
		F93FE8F625EAA31500B3DDC2 /* Debug */ = {
			isa = XCBuildConfiguration;
			buildSettings = {
				ALWAYS_EMBED_SWIFT_STANDARD_LIBRARIES = YES;
				BUNDLE_LOADER = "$(TEST_HOST)";
				CODE_SIGN_STYLE = Automatic;
				DEVELOPMENT_TEAM = 4YL8LS5ZJC;
				INFOPLIST_FILE = deeperTests/Info.plist;
				IPHONEOS_DEPLOYMENT_TARGET = 14.4;
				LD_RUNPATH_SEARCH_PATHS = (
					"$(inherited)",
					"@executable_path/Frameworks",
					"@loader_path/Frameworks",
				);
				PRODUCT_BUNDLE_IDENTIFIER = com.kihyunso.deeperTests;
				PRODUCT_NAME = "$(TARGET_NAME)";
				SWIFT_VERSION = 5.0;
				TARGETED_DEVICE_FAMILY = "1,2";
				TEST_HOST = "$(BUILT_PRODUCTS_DIR)/deeper.app/deeper";
			};
			name = Debug;
		};
		F93FE8F725EAA31500B3DDC2 /* Release */ = {
			isa = XCBuildConfiguration;
			buildSettings = {
				ALWAYS_EMBED_SWIFT_STANDARD_LIBRARIES = YES;
				BUNDLE_LOADER = "$(TEST_HOST)";
				CODE_SIGN_STYLE = Automatic;
				DEVELOPMENT_TEAM = 4YL8LS5ZJC;
				INFOPLIST_FILE = deeperTests/Info.plist;
				IPHONEOS_DEPLOYMENT_TARGET = 14.4;
				LD_RUNPATH_SEARCH_PATHS = (
					"$(inherited)",
					"@executable_path/Frameworks",
					"@loader_path/Frameworks",
				);
				PRODUCT_BUNDLE_IDENTIFIER = com.kihyunso.deeperTests;
				PRODUCT_NAME = "$(TARGET_NAME)";
				SWIFT_VERSION = 5.0;
				TARGETED_DEVICE_FAMILY = "1,2";
				TEST_HOST = "$(BUILT_PRODUCTS_DIR)/deeper.app/deeper";
			};
			name = Release;
		};
		F93FE8F925EAA31500B3DDC2 /* Debug */ = {
			isa = XCBuildConfiguration;
			buildSettings = {
				ALWAYS_EMBED_SWIFT_STANDARD_LIBRARIES = YES;
				CODE_SIGN_STYLE = Automatic;
				DEVELOPMENT_TEAM = 4YL8LS5ZJC;
				INFOPLIST_FILE = deeperUITests/Info.plist;
				LD_RUNPATH_SEARCH_PATHS = (
					"$(inherited)",
					"@executable_path/Frameworks",
					"@loader_path/Frameworks",
				);
				PRODUCT_BUNDLE_IDENTIFIER = com.kihyunso.deeperUITests;
				PRODUCT_NAME = "$(TARGET_NAME)";
				SWIFT_VERSION = 5.0;
				TARGETED_DEVICE_FAMILY = "1,2";
				TEST_TARGET_NAME = deeper;
			};
			name = Debug;
		};
		F93FE8FA25EAA31500B3DDC2 /* Release */ = {
			isa = XCBuildConfiguration;
			buildSettings = {
				ALWAYS_EMBED_SWIFT_STANDARD_LIBRARIES = YES;
				CODE_SIGN_STYLE = Automatic;
				DEVELOPMENT_TEAM = 4YL8LS5ZJC;
				INFOPLIST_FILE = deeperUITests/Info.plist;
				LD_RUNPATH_SEARCH_PATHS = (
					"$(inherited)",
					"@executable_path/Frameworks",
					"@loader_path/Frameworks",
				);
				PRODUCT_BUNDLE_IDENTIFIER = com.kihyunso.deeperUITests;
				PRODUCT_NAME = "$(TARGET_NAME)";
				SWIFT_VERSION = 5.0;
				TARGETED_DEVICE_FAMILY = "1,2";
				TEST_TARGET_NAME = deeper;
			};
			name = Release;
		};
/* End XCBuildConfiguration section */

/* Begin XCConfigurationList section */
		F93FE8C325EAA31300B3DDC2 /* Build configuration list for PBXProject "deeper" */ = {
			isa = XCConfigurationList;
			buildConfigurations = (
				F93FE8F025EAA31500B3DDC2 /* Debug */,
				F93FE8F125EAA31500B3DDC2 /* Release */,
			);
			defaultConfigurationIsVisible = 0;
			defaultConfigurationName = Release;
		};
		F93FE8F225EAA31500B3DDC2 /* Build configuration list for PBXNativeTarget "deeper" */ = {
			isa = XCConfigurationList;
			buildConfigurations = (
				F93FE8F325EAA31500B3DDC2 /* Debug */,
				F93FE8F425EAA31500B3DDC2 /* Release */,
			);
			defaultConfigurationIsVisible = 0;
			defaultConfigurationName = Release;
		};
		F93FE8F525EAA31500B3DDC2 /* Build configuration list for PBXNativeTarget "deeperTests" */ = {
			isa = XCConfigurationList;
			buildConfigurations = (
				F93FE8F625EAA31500B3DDC2 /* Debug */,
				F93FE8F725EAA31500B3DDC2 /* Release */,
			);
			defaultConfigurationIsVisible = 0;
			defaultConfigurationName = Release;
		};
		F93FE8F825EAA31500B3DDC2 /* Build configuration list for PBXNativeTarget "deeperUITests" */ = {
			isa = XCConfigurationList;
			buildConfigurations = (
				F93FE8F925EAA31500B3DDC2 /* Debug */,
				F93FE8FA25EAA31500B3DDC2 /* Release */,
			);
			defaultConfigurationIsVisible = 0;
			defaultConfigurationName = Release;
		};
/* End XCConfigurationList section */

/* Begin XCRemoteSwiftPackageReference section */
		F93FE92625EAA76200B3DDC2 /* XCRemoteSwiftPackageReference "Moya" */ = {
			isa = XCRemoteSwiftPackageReference;
			repositoryURL = "https://github.com/Moya/Moya";
			requirement = {
				kind = upToNextMajorVersion;
				minimumVersion = 14.0.1;
			};
		};
		F93FE93025EAA87F00B3DDC2 /* XCRemoteSwiftPackageReference "RxSwift" */ = {
			isa = XCRemoteSwiftPackageReference;
			repositoryURL = "https://github.com/ReactiveX/RxSwift";
			requirement = {
				kind = upToNextMajorVersion;
				minimumVersion = 5.0.0;
			};
		};
		F93FE93A25EAA8E800B3DDC2 /* XCRemoteSwiftPackageReference "ReactorKit" */ = {
			isa = XCRemoteSwiftPackageReference;
			repositoryURL = "https://github.com/ReactorKit/ReactorKit";
			requirement = {
				kind = upToNextMajorVersion;
				minimumVersion = 2.0.0;
			};
		};
		F951F3B525EAA97000874179 /* XCRemoteSwiftPackageReference "Resolver" */ = {
			isa = XCRemoteSwiftPackageReference;
			repositoryURL = "https://github.com/hmlongco/Resolver";
			requirement = {
				kind = upToNextMajorVersion;
				minimumVersion = 1.4.1;
			};
		};
		F951F3BB25EAA9AF00874179 /* XCRemoteSwiftPackageReference "Then" */ = {
			isa = XCRemoteSwiftPackageReference;
			repositoryURL = "https://github.com/devxoul/Then";
			requirement = {
				kind = upToNextMajorVersion;
				minimumVersion = 2.7.0;
			};
		};
		F951F3C125EAA9F700874179 /* XCRemoteSwiftPackageReference "SnapKit" */ = {
			isa = XCRemoteSwiftPackageReference;
			repositoryURL = "https://github.com/SnapKit/SnapKit";
			requirement = {
				kind = upToNextMajorVersion;
				minimumVersion = 5.0.1;
			};
		};
		F951F3C725EAAAA600874179 /* XCRemoteSwiftPackageReference "Kingfisher" */ = {
			isa = XCRemoteSwiftPackageReference;
			repositoryURL = "https://github.com/onevcat/Kingfisher";
			requirement = {
				kind = upToNextMajorVersion;
				minimumVersion = 6.1.1;
			};
		};
/* End XCRemoteSwiftPackageReference section */

/* Begin XCSwiftPackageProductDependency section */
		F93FE92725EAA76200B3DDC2 /* Moya */ = {
			isa = XCSwiftPackageProductDependency;
			package = F93FE92625EAA76200B3DDC2 /* XCRemoteSwiftPackageReference "Moya" */;
			productName = Moya;
		};
		F93FE92925EAA76200B3DDC2 /* RxMoya */ = {
			isa = XCSwiftPackageProductDependency;
			package = F93FE92625EAA76200B3DDC2 /* XCRemoteSwiftPackageReference "Moya" */;
			productName = RxMoya;
		};
		F93FE92B25EAA76200B3DDC2 /* ReactiveMoya */ = {
			isa = XCSwiftPackageProductDependency;
			package = F93FE92625EAA76200B3DDC2 /* XCRemoteSwiftPackageReference "Moya" */;
			productName = ReactiveMoya;
		};
		F93FE93125EAA87F00B3DDC2 /* RxSwift */ = {
			isa = XCSwiftPackageProductDependency;
			package = F93FE93025EAA87F00B3DDC2 /* XCRemoteSwiftPackageReference "RxSwift" */;
			productName = RxSwift;
		};
		F93FE93325EAA87F00B3DDC2 /* RxCocoa */ = {
			isa = XCSwiftPackageProductDependency;
			package = F93FE93025EAA87F00B3DDC2 /* XCRemoteSwiftPackageReference "RxSwift" */;
			productName = RxCocoa;
		};
		F93FE93525EAA87F00B3DDC2 /* RxRelay */ = {
			isa = XCSwiftPackageProductDependency;
			package = F93FE93025EAA87F00B3DDC2 /* XCRemoteSwiftPackageReference "RxSwift" */;
			productName = RxRelay;
		};
		F93FE93B25EAA8E800B3DDC2 /* ReactorKit */ = {
			isa = XCSwiftPackageProductDependency;
			package = F93FE93A25EAA8E800B3DDC2 /* XCRemoteSwiftPackageReference "ReactorKit" */;
			productName = ReactorKit;
		};
		F951F3B625EAA97000874179 /* Resolver */ = {
			isa = XCSwiftPackageProductDependency;
			package = F951F3B525EAA97000874179 /* XCRemoteSwiftPackageReference "Resolver" */;
			productName = Resolver;
		};
		F951F3BC25EAA9AF00874179 /* Then */ = {
			isa = XCSwiftPackageProductDependency;
			package = F951F3BB25EAA9AF00874179 /* XCRemoteSwiftPackageReference "Then" */;
			productName = Then;
		};
		F951F3C225EAA9F700874179 /* SnapKit */ = {
			isa = XCSwiftPackageProductDependency;
			package = F951F3C125EAA9F700874179 /* XCRemoteSwiftPackageReference "SnapKit" */;
			productName = SnapKit;
		};
		F951F3C825EAAAA600874179 /* Kingfisher */ = {
			isa = XCSwiftPackageProductDependency;
			package = F951F3C725EAAAA600874179 /* XCRemoteSwiftPackageReference "Kingfisher" */;
			productName = Kingfisher;
		};
/* End XCSwiftPackageProductDependency section */
	};
	rootObject = F93FE8C025EAA31300B3DDC2 /* Project object */;
}
